
Microsoft Visual Studio Solution File, Format Version 12.00
# Visual Studio Version 17
VisualStudioVersion = 17.13.35919.96
MinimumVisualStudioVersion = 10.0.40219.1
Project("{FAE04EC0-301F-11D3-BF4B-00C04F79EFBC}") = "serverSide", "serverSide\serverSide.csproj", "{693EBAEA-ACA5-4318-A48E-745D8B26A861}"
EndProject
Project("{FAE04EC0-301F-11D3-BF4B-00C04F79EFBC}") = "clientSide", "clientSide\clientSide.csproj", "{8D8927A4-6981-4BCF-AE70-ACFD84F580B3}"
EndProject
Project("{FAE04EC0-301F-11D3-BF4B-00C04F79EFBC}") = "EntryWebFormsApplication1", "EntryWebFormsApplication1\EntryWebFormsApplication1.csproj", "{9E32FBC1-FBA6-486F-9992-4EF65CEEAD4F}"
EndProject
Project("{FAE04EC0-301F-11D3-BF4B-00C04F79EFBC}") = "UserRegistration", "UserRegistration\UserRegistration.csproj", "{B9E554AC-89A4-4896-B72D-8526D56D44A6}"
EndProject
Global
	GlobalSection(SolutionConfigurationPlatforms) = preSolution
		Debug|Any CPU = Debug|Any CPU
		Release|Any CPU = Release|Any CPU
	EndGlobalSection
	GlobalSection(ProjectConfigurationPlatforms) = postSolution
		{693EBAEA-ACA5-4318-A48E-745D8B26A861}.Debug|Any CPU.ActiveCfg = Debug|Any CPU
		{693EBAEA-ACA5-4318-A48E-745D8B26A861}.Debug|Any CPU.Build.0 = Debug|Any CPU
		{693EBAEA-ACA5-4318-A48E-745D8B26A861}.Release|Any CPU.ActiveCfg = Release|Any CPU
		{693EBAEA-ACA5-4318-A48E-745D8B26A861}.Release|Any CPU.Build.0 = Release|Any CPU
		{8D8927A4-6981-4BCF-AE70-ACFD84F580B3}.Debug|Any CPU.ActiveCfg = Debug|Any CPU
		{8D8927A4-6981-4BCF-AE70-ACFD84F580B3}.Debug|Any CPU.Build.0 = Debug|Any CPU
		{8D8927A4-6981-4BCF-AE70-ACFD84F580B3}.Release|Any CPU.ActiveCfg = Release|Any CPU
		{8D8927A4-6981-4BCF-AE70-ACFD84F580B3}.Release|Any CPU.Build.0 = Release|Any CPU
		{9E32FBC1-FBA6-486F-9992-4EF65CEEAD4F}.Debug|Any CPU.ActiveCfg = Debug|Any CPU
		{9E32FBC1-FBA6-486F-9992-4EF65CEEAD4F}.Debug|Any CPU.Build.0 = Debug|Any CPU
		{9E32FBC1-FBA6-486F-9992-4EF65CEEAD4F}.Release|Any CPU.ActiveCfg = Release|Any CPU
		{9E32FBC1-FBA6-486F-9992-4EF65CEEAD4F}.Release|Any CPU.Build.0 = Release|Any CPU
		{B9E554AC-89A4-4896-B72D-8526D56D44A6}.Debug|Any CPU.ActiveCfg = Debug|Any CPU
		{B9E554AC-89A4-4896-B72D-8526D56D44A6}.Debug|Any CPU.Build.0 = Debug|Any CPU
		{B9E554AC-89A4-4896-B72D-8526D56D44A6}.Release|Any CPU.ActiveCfg = Release|Any CPU
		{B9E554AC-89A4-4896-B72D-8526D56D44A6}.Release|Any CPU.Build.0 = Release|Any CPU
	EndGlobalSection
	GlobalSection(SolutionProperties) = preSolution
		HideSolutionNode = FALSE
	EndGlobalSection
	GlobalSection(ExtensibilityGlobals) = postSolution
		SolutionGuid = {8F907E47-02BB-48CA-8865-052EAE5F620F}
	EndGlobalSection
EndGlobal
